dependencies:
- name: postgresql
  repository: https://charts.bitnami.com/bitnami
  version: 14.3.1
- name: vespa
  repository: https://onyx-dot-app.github.io/vespa-helm-charts
  version: 0.2.23
- name: nginx
  repository: oci://registry-1.docker.io/bitnamicharts
  version: 15.14.0
- name: redis
  repository: https://charts.bitnami.com/bitnami
  version: 20.1.0
- name: minio
  repository: oci://registry-1.docker.io/bitnamicharts
  version: 17.0.4
digest: sha256:4c938cf9138e4ff6f5ecac5c044324d508ef2b0e1a23ba3f2bc089015cb40ff6
generated: "2025-06-16T18:53:19.63168-07:00"
