dependencies:
- name: postgresql
  repository: https://charts.bitnami.com/bitnami
  version: 14.3.1
- name: vespa
  repository: https://onyx-dot-app.github.io/vespa-helm-charts
  version: 0.2.24
- name: nginx
  repository: oci://registry-1.docker.io/bitnamicharts
  version: 15.14.0
- name: redis
  repository: https://charts.bitnami.com/bitnami
  version: 20.1.0
- name: minio
  repository: oci://registry-1.docker.io/bitnamicharts
  version: 17.0.4
digest: sha256:dddd687525764f5698adc339a11d268b0ee9c3ca81f8d46c9e65a6bf2c21cf25
generated: "2025-08-06T19:00:41.218513-07:00"
